
Microsoft Visual Studio Solution File, Format Version 12.00
# Visual Studio Version 16
VisualStudioVersion = 16.0.29418.71
MinimumVisualStudioVersion = 10.0.40219.1
Project("{888888A0-9F3D-457C-B088-3A5042F75D52}") = "Методы передачи данных", "Методы передачи данных.pyproj", "{6DC96797-6319-4EFB-8A95-BAAD7847D47C}"
EndProject
Global
	GlobalSection(SolutionConfigurationPlatforms) = preSolution
		Debug|Any CPU = Debug|Any CPU
		Release|Any CPU = Release|Any CPU
	EndGlobalSection
	GlobalSection(ProjectConfigurationPlatforms) = postSolution
		{6DC96797-6319-4EFB-8A95-BAAD7847D47C}.Debug|Any CPU.ActiveCfg = Debug|Any CPU
		{6DC96797-6319-4EFB-8A95-BAAD7847D47C}.Release|Any CPU.ActiveCfg = Release|Any CPU
	EndGlobalSection
	GlobalSection(SolutionProperties) = preSolution
		HideSolutionNode = FALSE
	EndGlobalSection
	GlobalSection(ExtensibilityGlobals) = postSolution
		SolutionGuid = {1EEB2B75-8527-4E17-B4D2-D8B2CA44ACDC}
	EndGlobalSection
EndGlobal
